# This file is generated by running "yarn install" inside your project.
# Manual changes might be lost - proceed with caution!

__metadata:
  version: 8
  cacheKey: 10c0

"zenn-cli@npm:^0.1.157":
  version: 0.1.157
  resolution: "zenn-cli@npm:0.1.157"
  bin:
    zenn: dist/server/zenn.js
  checksum: 10c0/76ab9f9b8b76d43fe99281adbdc71c49fe52cd13598ba51cf69ea8b95877a88f21e6387b5db16d2ad34ed5696d5475377a3adba416b638497385e1745b7f3ee8
  languageName: node
  linkType: hard

"zenn@workspace:.":
  version: 0.0.0-use.local
  resolution: "zenn@workspace:."
  dependencies:
    zenn-cli: "npm:^0.1.157"
  languageName: unknown
  linkType: soft
